
Microsoft Visual Studio Solution File, Format Version 12.00
# Visual Studio Version 17
VisualStudioVersion = 17.14.36221.1 d17.14
MinimumVisualStudioVersion = 10.0.40219.1
Project("{E24C65DC-7377-472B-9ABA-BC803B73C61A}") = "YemekTarifi_Sitem", "YemekTarifi_Sitem\", "{7AE8C13A-6F2D-55AB-BCE7-A7C55FB10391}"
	ProjectSection(WebsiteProperties) = preProject
		TargetFrameworkMoniker = ".NETFramework,Version%3Dv4.7.2"
		Debug.AspNetCompiler.VirtualPath = "/localhost_56803"
		Debug.AspNetCompiler.PhysicalPath = "YemekTarifi_Sitem\"
		Debug.AspNetCompiler.TargetPath = "PrecompiledWeb\localhost_56803\"
		Debug.AspNetCompiler.Updateable = "true"
		Debug.AspNetCompiler.ForceOverwrite = "true"
		Debug.AspNetCompiler.FixedNames = "false"
		Debug.AspNetCompiler.Debug = "True"
		Release.AspNetCompiler.VirtualPath = "/localhost_56803"
		Release.AspNetCompiler.PhysicalPath = "YemekTarifi_Sitem\"
		Release.AspNetCompiler.TargetPath = "PrecompiledWeb\localhost_56803\"
		Release.AspNetCompiler.Updateable = "true"
		Release.AspNetCompiler.ForceOverwrite = "true"
		Release.AspNetCompiler.FixedNames = "false"
		Release.AspNetCompiler.Debug = "False"
		VWDPort = "56803"
		SlnRelativePath = "YemekTarifi_Sitem\"
		DefaultWebSiteLanguage = "Visual C#"
	EndProjectSection
EndProject
Global
	GlobalSection(SolutionConfigurationPlatforms) = preSolution
		Debug|Any CPU = Debug|Any CPU
	EndGlobalSection
	GlobalSection(ProjectConfigurationPlatforms) = postSolution
		{7AE8C13A-6F2D-55AB-BCE7-A7C55FB10391}.Debug|Any CPU.ActiveCfg = Debug|Any CPU
		{7AE8C13A-6F2D-55AB-BCE7-A7C55FB10391}.Debug|Any CPU.Build.0 = Debug|Any CPU
	EndGlobalSection
	GlobalSection(SolutionProperties) = preSolution
		HideSolutionNode = FALSE
	EndGlobalSection
	GlobalSection(ExtensibilityGlobals) = postSolution
		SolutionGuid = {4E623B0C-6A35-46FF-95BB-8A4EC024373C}
	EndGlobalSection
EndGlobal
